// !$*UTF8*$!
{
	archiveVersion = 1;
	classes = {
	};
	objectVersion = 51;
	objects = {

/* Begin PBXBuildFile section */
		64592D8A270663F2006973DB /* GoogleService-Info.plist in Resources */ = {isa = PBXBuildFile; fileRef = 64592D89270663F2006973DB /* GoogleService-Info.plist */; };
		647043892703B72500AAAA69 /* Extenstions.swift in Sources */ = {isa = PBXBuildFile; fileRef = 647043882703B72500AAAA69 /* Extenstions.swift */; };
		64A7315627039F6D0048278D /* AppDelegate.swift in Sources */ = {isa = PBXBuildFile; fileRef = 64A7315527039F6D0048278D /* AppDelegate.swift */; };
		64A7315827039F6D0048278D /* SceneDelegate.swift in Sources */ = {isa = PBXBuildFile; fileRef = 64A7315727039F6D0048278D /* SceneDelegate.swift */; };
		64A7315A27039F6D0048278D /* ConversationViewController.swift in Sources */ = {isa = PBXBuildFile; fileRef = 64A7315927039F6D0048278D /* ConversationViewController.swift */; };
		64A7315D27039F6D0048278D /* Main.storyboard in Resources */ = {isa = PBXBuildFile; fileRef = 64A7315B27039F6D0048278D /* Main.storyboard */; };
		64A7315F27039F6E0048278D /* Assets.xcassets in Resources */ = {isa = PBXBuildFile; fileRef = 64A7315E27039F6E0048278D /* Assets.xcassets */; };
		64A7316227039F6E0048278D /* LaunchScreen.storyboard in Resources */ = {isa = PBXBuildFile; fileRef = 64A7316027039F6E0048278D /* LaunchScreen.storyboard */; };
		64A731742703A2A00048278D /* LoginViewController.swift in Sources */ = {isa = PBXBuildFile; fileRef = 64A731732703A2A00048278D /* LoginViewController.swift */; };
		64A731782703A38D0048278D /* RegisterViewController.swift in Sources */ = {isa = PBXBuildFile; fileRef = 64A731772703A38D0048278D /* RegisterViewController.swift */; };
		64A7317B2703A39C0048278D /* PhotoViewerViewController.swift in Sources */ = {isa = PBXBuildFile; fileRef = 64A7317A2703A39C0048278D /* PhotoViewerViewController.swift */; };
		64A7317E2703A3AD0048278D /* VideoPlayerViewController.swift in Sources */ = {isa = PBXBuildFile; fileRef = 64A7317D2703A3AD0048278D /* VideoPlayerViewController.swift */; };
		64A731812703A3C40048278D /* NewConersationViewController.swift in Sources */ = {isa = PBXBuildFile; fileRef = 64A731802703A3C40048278D /* NewConersationViewController.swift */; };
		64A731842703A3D20048278D /* ProfileViewController.swift in Sources */ = {isa = PBXBuildFile; fileRef = 64A731832703A3D20048278D /* ProfileViewController.swift */; };
		64D967F52706775400372399 /* DatabaseManager.swift in Sources */ = {isa = PBXBuildFile; fileRef = 64D967F42706775400372399 /* DatabaseManager.swift */; };
		C2A6CC4912506C4720684510 /* Pods_MessengerApp.framework in Frameworks */ = {isa = PBXBuildFile; fileRef = DAE72139D4907EB6CACE8C95 /* Pods_MessengerApp.framework */; };
/* End PBXBuildFile section */

/* Begin PBXFileReference section */
		64592D89270663F2006973DB /* GoogleService-Info.plist */ = {isa = PBXFileReference; fileEncoding = 4; lastKnownFileType = text.plist.xml; path = "GoogleService-Info.plist"; sourceTree = "<group>"; };
		647043882703B72500AAAA69 /* Extenstions.swift */ = {isa = PBXFileReference; lastKnownFileType = sourcecode.swift; path = Extenstions.swift; sourceTree = "<group>"; };
		64A7315227039F6D0048278D /* MessengerApp.app */ = {isa = PBXFileReference; explicitFileType = wrapper.application; includeInIndex = 0; path = MessengerApp.app; sourceTree = BUILT_PRODUCTS_DIR; };
		64A7315527039F6D0048278D /* AppDelegate.swift */ = {isa = PBXFileReference; lastKnownFileType = sourcecode.swift; path = AppDelegate.swift; sourceTree = "<group>"; };
		64A7315727039F6D0048278D /* SceneDelegate.swift */ = {isa = PBXFileReference; lastKnownFileType = sourcecode.swift; path = SceneDelegate.swift; sourceTree = "<group>"; };
		64A7315927039F6D0048278D /* ConversationViewController.swift */ = {isa = PBXFileReference; lastKnownFileType = sourcecode.swift; path = ConversationViewController.swift; sourceTree = "<group>"; };
		64A7315C27039F6D0048278D /* Base */ = {isa = PBXFileReference; lastKnownFileType = file.storyboard; name = Base; path = Base.lproj/Main.storyboard; sourceTree = "<group>"; };
		64A7315E27039F6E0048278D /* Assets.xcassets */ = {isa = PBXFileReference; lastKnownFileType = folder.assetcatalog; path = Assets.xcassets; sourceTree = "<group>"; };
		64A7316127039F6E0048278D /* Base */ = {isa = PBXFileReference; lastKnownFileType = file.storyboard; name = Base; path = Base.lproj/LaunchScreen.storyboard; sourceTree = "<group>"; };
		64A7316327039F6E0048278D /* Info.plist */ = {isa = PBXFileReference; lastKnownFileType = text.plist.xml; path = Info.plist; sourceTree = "<group>"; };
		64A731732703A2A00048278D /* LoginViewController.swift */ = {isa = PBXFileReference; lastKnownFileType = sourcecode.swift; path = LoginViewController.swift; sourceTree = "<group>"; };
		64A731772703A38D0048278D /* RegisterViewController.swift */ = {isa = PBXFileReference; lastKnownFileType = sourcecode.swift; path = RegisterViewController.swift; sourceTree = "<group>"; };
		64A7317A2703A39C0048278D /* PhotoViewerViewController.swift */ = {isa = PBXFileReference; lastKnownFileType = sourcecode.swift; path = PhotoViewerViewController.swift; sourceTree = "<group>"; };
		64A7317D2703A3AD0048278D /* VideoPlayerViewController.swift */ = {isa = PBXFileReference; lastKnownFileType = sourcecode.swift; path = VideoPlayerViewController.swift; sourceTree = "<group>"; };
		64A731802703A3C40048278D /* NewConersationViewController.swift */ = {isa = PBXFileReference; lastKnownFileType = sourcecode.swift; path = NewConersationViewController.swift; sourceTree = "<group>"; };
		64A731832703A3D20048278D /* ProfileViewController.swift */ = {isa = PBXFileReference; lastKnownFileType = sourcecode.swift; path = ProfileViewController.swift; sourceTree = "<group>"; };
		64D967F42706775400372399 /* DatabaseManager.swift */ = {isa = PBXFileReference; lastKnownFileType = sourcecode.swift; path = DatabaseManager.swift; sourceTree = "<group>"; };
		96B9E34BFB800FB83F4702CA /* Pods-MessengerApp.debug.xcconfig */ = {isa = PBXFileReference; includeInIndex = 1; lastKnownFileType = text.xcconfig; name = "Pods-MessengerApp.debug.xcconfig"; path = "Target Support Files/Pods-MessengerApp/Pods-MessengerApp.debug.xcconfig"; sourceTree = "<group>"; };
		DAE72139D4907EB6CACE8C95 /* Pods_MessengerApp.framework */ = {isa = PBXFileReference; explicitFileType = wrapper.framework; includeInIndex = 0; path = Pods_MessengerApp.framework; sourceTree = BUILT_PRODUCTS_DIR; };
		E84C06488EECB4DA0680E6D0 /* Pods-MessengerApp.release.xcconfig */ = {isa = PBXFileReference; includeInIndex = 1; lastKnownFileType = text.xcconfig; name = "Pods-MessengerApp.release.xcconfig"; path = "Target Support Files/Pods-MessengerApp/Pods-MessengerApp.release.xcconfig"; sourceTree = "<group>"; };
/* End PBXFileReference section */

/* Begin PBXFrameworksBuildPhase section */
		64A7314F27039F6D0048278D /* Frameworks */ = {
			isa = PBXFrameworksBuildPhase;
			buildActionMask = 2147483647;
			files = (
				C2A6CC4912506C4720684510 /* Pods_MessengerApp.framework in Frameworks */,
			);
			runOnlyForDeploymentPostprocessing = 0;
		};
/* End PBXFrameworksBuildPhase section */

/* Begin PBXGroup section */
		18CDBC632EF46802534041C1 /* Frameworks */ = {
			isa = PBXGroup;
			children = (
				DAE72139D4907EB6CACE8C95 /* Pods_MessengerApp.framework */,
			);
			name = Frameworks;
			sourceTree = "<group>";
		};
		64A7314927039F6D0048278D = {
			isa = PBXGroup;
			children = (
				64A7315427039F6D0048278D /* MessengerApp */,
				64A7315327039F6D0048278D /* Products */,
				65C825DDFEAC2ECD123BA070 /* Pods */,
				18CDBC632EF46802534041C1 /* Frameworks */,
			);
			sourceTree = "<group>";
		};
		64A7315327039F6D0048278D /* Products */ = {
			isa = PBXGroup;
			children = (
				64A7315227039F6D0048278D /* MessengerApp.app */,
			);
			name = Products;
			sourceTree = "<group>";
		};
		64A7315427039F6D0048278D /* MessengerApp */ = {
			isa = PBXGroup;
			children = (
				64592D89270663F2006973DB /* GoogleService-Info.plist */,
				64A731702703A18F0048278D /* Resources */,
				64A7316D27039FFA0048278D /* ViewModels */,
				64A7316C27039FF30048278D /* Models */,
				64A7316B27039FE60048278D /* Views */,
				64A7316A27039FDC0048278D /* Controllers */,
				64A7316327039F6E0048278D /* Info.plist */,
			);
			path = MessengerApp;
			sourceTree = "<group>";
		};
		64A7316A27039FDC0048278D /* Controllers */ = {
			isa = PBXGroup;
			children = (
				64A7315927039F6D0048278D /* ConversationViewController.swift */,
				64A731862703A3DF0048278D /* Login */,
				64A7317A2703A39C0048278D /* PhotoViewerViewController.swift */,
				64A7317D2703A3AD0048278D /* VideoPlayerViewController.swift */,
				64A731802703A3C40048278D /* NewConersationViewController.swift */,
				64A731832703A3D20048278D /* ProfileViewController.swift */,
			);
			path = Controllers;
			sourceTree = "<group>";
		};
		64A7316B27039FE60048278D /* Views */ = {
			isa = PBXGroup;
			children = (
				64A731712703A1AF0048278D /* StoryBoards */,
				64A7315E27039F6E0048278D /* Assets.xcassets */,
			);
			path = Views;
			sourceTree = "<group>";
		};
		64A7316C27039FF30048278D /* Models */ = {
			isa = PBXGroup;
			children = (
			);
			path = Models;
			sourceTree = "<group>";
		};
		64A7316D27039FFA0048278D /* ViewModels */ = {
			isa = PBXGroup;
			children = (
			);
			path = ViewModels;
			sourceTree = "<group>";
		};
		64A731702703A18F0048278D /* Resources */ = {
			isa = PBXGroup;
			children = (
				64A7315527039F6D0048278D /* AppDelegate.swift */,
				64A7315727039F6D0048278D /* SceneDelegate.swift */,
				647043882703B72500AAAA69 /* Extenstions.swift */,
				64D967F42706775400372399 /* DatabaseManager.swift */,
			);
			path = Resources;
			sourceTree = "<group>";
		};
		64A731712703A1AF0048278D /* StoryBoards */ = {
			isa = PBXGroup;
			children = (
				64A7315B27039F6D0048278D /* Main.storyboard */,
				64A7316027039F6E0048278D /* LaunchScreen.storyboard */,
			);
			path = StoryBoards;
			sourceTree = "<group>";
		};
		64A731862703A3DF0048278D /* Login */ = {
			isa = PBXGroup;
			children = (
				64A731732703A2A00048278D /* LoginViewController.swift */,
				64A731772703A38D0048278D /* RegisterViewController.swift */,
			);
			path = Login;
			sourceTree = "<group>";
		};
		65C825DDFEAC2ECD123BA070 /* Pods */ = {
			isa = PBXGroup;
			children = (
				96B9E34BFB800FB83F4702CA /* Pods-MessengerApp.debug.xcconfig */,
				E84C06488EECB4DA0680E6D0 /* Pods-MessengerApp.release.xcconfig */,
			);
			path = Pods;
			sourceTree = "<group>";
		};
/* End PBXGroup section */

/* Begin PBXNativeTarget section */
		64A7315127039F6D0048278D /* MessengerApp */ = {
			isa = PBXNativeTarget;
			buildConfigurationList = 64A7316627039F6E0048278D /* Build configuration list for PBXNativeTarget "MessengerApp" */;
			buildPhases = (
				9C5D33E8B77AD10A85EB733F /* [CP] Check Pods Manifest.lock */,
				64A7314E27039F6D0048278D /* Sources */,
				64A7314F27039F6D0048278D /* Frameworks */,
				64A7315027039F6D0048278D /* Resources */,
				C242F280FB7BBC188BE74708 /* [CP] Embed Pods Frameworks */,
			);
			buildRules = (
			);
			dependencies = (
			);
			name = MessengerApp;
			productName = MessengerApp;
			productReference = 64A7315227039F6D0048278D /* MessengerApp.app */;
			productType = "com.apple.product-type.application";
		};
/* End PBXNativeTarget section */

/* Begin PBXProject section */
		64A7314A27039F6D0048278D /* Project object */ = {
			isa = PBXProject;
			attributes = {
				LastSwiftUpdateCheck = 1240;
				LastUpgradeCheck = 1240;
				TargetAttributes = {
					64A7315127039F6D0048278D = {
						CreatedOnToolsVersion = 12.4;
					};
				};
			};
			buildConfigurationList = 64A7314D27039F6D0048278D /* Build configuration list for PBXProject "MessengerApp" */;
			compatibilityVersion = "Xcode 9.3";
			developmentRegion = en;
			hasScannedForEncodings = 0;
			knownRegions = (
				en,
				Base,
			);
			mainGroup = 64A7314927039F6D0048278D;
			productRefGroup = 64A7315327039F6D0048278D /* Products */;
			projectDirPath = "";
			projectRoot = "";
			targets = (
				64A7315127039F6D0048278D /* MessengerApp */,
			);
		};
/* End PBXProject section */

/* Begin PBXResourcesBuildPhase section */
		64A7315027039F6D0048278D /* Resources */ = {
			isa = PBXResourcesBuildPhase;
			buildActionMask = 2147483647;
			files = (
				64A7316227039F6E0048278D /* LaunchScreen.storyboard in Resources */,
				64592D8A270663F2006973DB /* GoogleService-Info.plist in Resources */,
				64A7315F27039F6E0048278D /* Assets.xcassets in Resources */,
				64A7315D27039F6D0048278D /* Main.storyboard in Resources */,
			);
			runOnlyForDeploymentPostprocessing = 0;
		};
/* End PBXResourcesBuildPhase section */

/* Begin PBXShellScriptBuildPhase section */
		9C5D33E8B77AD10A85EB733F /* [CP] Check Pods Manifest.lock */ = {
			isa = PBXShellScriptBuildPhase;
			buildActionMask = 2147483647;
			files = (
			);
			inputFileListPaths = (
			);
			inputPaths = (
				"${PODS_PODFILE_DIR_PATH}/Podfile.lock",
				"${PODS_ROOT}/Manifest.lock",
			);
			name = "[CP] Check Pods Manifest.lock";
			outputFileListPaths = (
			);
			outputPaths = (
				"$(DERIVED_FILE_DIR)/Pods-MessengerApp-checkManifestLockResult.txt",
			);
			runOnlyForDeploymentPostprocessing = 0;
			shellPath = /bin/sh;
			shellScript = "diff \"${PODS_PODFILE_DIR_PATH}/Podfile.lock\" \"${PODS_ROOT}/Manifest.lock\" > /dev/null\nif [ $? != 0 ] ; then\n    # print error to STDERR\n    echo \"error: The sandbox is not in sync with the Podfile.lock. Run 'pod install' or update your CocoaPods installation.\" >&2\n    exit 1\nfi\n# This output is used by Xcode 'outputs' to avoid re-running this script phase.\necho \"SUCCESS\" > \"${SCRIPT_OUTPUT_FILE_0}\"\n";
			showEnvVarsInLog = 0;
		};
		C242F280FB7BBC188BE74708 /* [CP] Embed Pods Frameworks */ = {
			isa = PBXShellScriptBuildPhase;
			buildActionMask = 2147483647;
			files = (
			);
			inputFileListPaths = (
				"${PODS_ROOT}/Target Support Files/Pods-MessengerApp/Pods-MessengerApp-frameworks-${CONFIGURATION}-input-files.xcfilelist",
			);
			name = "[CP] Embed Pods Frameworks";
			outputFileListPaths = (
				"${PODS_ROOT}/Target Support Files/Pods-MessengerApp/Pods-MessengerApp-frameworks-${CONFIGURATION}-output-files.xcfilelist",
			);
			runOnlyForDeploymentPostprocessing = 0;
			shellPath = /bin/sh;
			shellScript = "\"${PODS_ROOT}/Target Support Files/Pods-MessengerApp/Pods-MessengerApp-frameworks.sh\"\n";
			showEnvVarsInLog = 0;
		};
/* End PBXShellScriptBuildPhase section */

/* Begin PBXSourcesBuildPhase section */
		64A7314E27039F6D0048278D /* Sources */ = {
			isa = PBXSourcesBuildPhase;
			buildActionMask = 2147483647;
			files = (
				64A731742703A2A00048278D /* LoginViewController.swift in Sources */,
				64D967F52706775400372399 /* DatabaseManager.swift in Sources */,
				64A731782703A38D0048278D /* RegisterViewController.swift in Sources */,
				64A7315A27039F6D0048278D /* ConversationViewController.swift in Sources */,
				64A7317E2703A3AD0048278D /* VideoPlayerViewController.swift in Sources */,
				64A7315627039F6D0048278D /* AppDelegate.swift in Sources */,
				64A7315827039F6D0048278D /* SceneDelegate.swift in Sources */,
				647043892703B72500AAAA69 /* Extenstions.swift in Sources */,
				64A731842703A3D20048278D /* ProfileViewController.swift in Sources */,
				64A7317B2703A39C0048278D /* PhotoViewerViewController.swift in Sources */,
				64A731812703A3C40048278D /* NewConersationViewController.swift in Sources */,
			);
			runOnlyForDeploymentPostprocessing = 0;
		};
/* End PBXSourcesBuildPhase section */

/* Begin PBXVariantGroup section */
		64A7315B27039F6D0048278D /* Main.storyboard */ = {
			isa = PBXVariantGroup;
			children = (
				64A7315C27039F6D0048278D /* Base */,
			);
			name = Main.storyboard;
			sourceTree = "<group>";
		};
		64A7316027039F6E0048278D /* LaunchScreen.storyboard */ = {
			isa = PBXVariantGroup;
			children = (
				64A7316127039F6E0048278D /* Base */,
			);
			name = LaunchScreen.storyboard;
			sourceTree = "<group>";
		};
/* End PBXVariantGroup section */

/* Begin XCBuildConfiguration section */
		64A7316427039F6E0048278D /* Debug */ = {
			isa = XCBuildConfiguration;
			buildSettings = {
				ALWAYS_SEARCH_USER_PATHS = NO;
				CLANG_ANALYZER_NONNULL = YES;
				CLANG_ANALYZER_NUMBER_OBJECT_CONVERSION = YES_AGGRESSIVE;
				CLANG_CXX_LANGUAGE_STANDARD = "gnu++14";
				CLANG_CXX_LIBRARY = "libc++";
				CLANG_ENABLE_MODULES = YES;
				CLANG_ENABLE_OBJC_ARC = YES;
				CLANG_ENABLE_OBJC_WEAK = YES;
				CLANG_WARN_BLOCK_CAPTURE_AUTORELEASING = YES;
				CLANG_WARN_BOOL_CONVERSION = YES;
				CLANG_WARN_COMMA = YES;
				CLANG_WARN_CONSTANT_CONVERSION = YES;
				CLANG_WARN_DEPRECATED_OBJC_IMPLEMENTATIONS = YES;
				CLANG_WARN_DIRECT_OBJC_ISA_USAGE = YES_ERROR;
				CLANG_WARN_DOCUMENTATION_COMMENTS = YES;
				CLANG_WARN_EMPTY_BODY = YES;
				CLANG_WARN_ENUM_CONVERSION = YES;
				CLANG_WARN_INFINITE_RECURSION = YES;
				CLANG_WARN_INT_CONVERSION = YES;
				CLANG_WARN_NON_LITERAL_NULL_CONVERSION = YES;
				CLANG_WARN_OBJC_IMPLICIT_RETAIN_SELF = YES;
				CLANG_WARN_OBJC_LITERAL_CONVERSION = YES;
				CLANG_WARN_OBJC_ROOT_CLASS = YES_ERROR;
				CLANG_WARN_QUOTED_INCLUDE_IN_FRAMEWORK_HEADER = YES;
				CLANG_WARN_RANGE_LOOP_ANALYSIS = YES;
				CLANG_WARN_STRICT_PROTOTYPES = YES;
				CLANG_WARN_SUSPICIOUS_MOVE = YES;
				CLANG_WARN_UNGUARDED_AVAILABILITY = YES_AGGRESSIVE;
				CLANG_WARN_UNREACHABLE_CODE = YES;
				CLANG_WARN__DUPLICATE_METHOD_MATCH = YES;
				COPY_PHASE_STRIP = NO;
				DEBUG_INFORMATION_FORMAT = dwarf;
				ENABLE_STRICT_OBJC_MSGSEND = YES;
				ENABLE_TESTABILITY = YES;
				GCC_C_LANGUAGE_STANDARD = gnu11;
				GCC_DYNAMIC_NO_PIC = NO;
				GCC_NO_COMMON_BLOCKS = YES;
				GCC_OPTIMIZATION_LEVEL = 0;
				GCC_PREPROCESSOR_DEFINITIONS = (
					"DEBUG=1",
					"$(inherited)",
				);
				GCC_WARN_64_TO_32_BIT_CONVERSION = YES;
				GCC_WARN_ABOUT_RETURN_TYPE = YES_ERROR;
				GCC_WARN_UNDECLARED_SELECTOR = YES;
				GCC_WARN_UNINITIALIZED_AUTOS = YES_AGGRESSIVE;
				GCC_WARN_UNUSED_FUNCTION = YES;
				GCC_WARN_UNUSED_VARIABLE = YES;
				IPHONEOS_DEPLOYMENT_TARGET = 14.4;
				MTL_ENABLE_DEBUG_INFO = INCLUDE_SOURCE;
				MTL_FAST_MATH = YES;
				ONLY_ACTIVE_ARCH = YES;
				SDKROOT = iphoneos;
				SWIFT_ACTIVE_COMPILATION_CONDITIONS = DEBUG;
				SWIFT_OPTIMIZATION_LEVEL = "-Onone";
			};
			name = Debug;
		};
		64A7316527039F6E0048278D /* Release */ = {
			isa = XCBuildConfiguration;
			buildSettings = {
				ALWAYS_SEARCH_USER_PATHS = NO;
				CLANG_ANALYZER_NONNULL = YES;
				CLANG_ANALYZER_NUMBER_OBJECT_CONVERSION = YES_AGGRESSIVE;
				CLANG_CXX_LANGUAGE_STANDARD = "gnu++14";
				CLANG_CXX_LIBRARY = "libc++";
				CLANG_ENABLE_MODULES = YES;
				CLANG_ENABLE_OBJC_ARC = YES;
				CLANG_ENABLE_OBJC_WEAK = YES;
				CLANG_WARN_BLOCK_CAPTURE_AUTORELEASING = YES;
				CLANG_WARN_BOOL_CONVERSION = YES;
				CLANG_WARN_COMMA = YES;
				CLANG_WARN_CONSTANT_CONVERSION = YES;
				CLANG_WARN_DEPRECATED_OBJC_IMPLEMENTATIONS = YES;
				CLANG_WARN_DIRECT_OBJC_ISA_USAGE = YES_ERROR;
				CLANG_WARN_DOCUMENTATION_COMMENTS = YES;
				CLANG_WARN_EMPTY_BODY = YES;
				CLANG_WARN_ENUM_CONVERSION = YES;
				CLANG_WARN_INFINITE_RECURSION = YES;
				CLANG_WARN_INT_CONVERSION = YES;
				CLANG_WARN_NON_LITERAL_NULL_CONVERSION = YES;
				CLANG_WARN_OBJC_IMPLICIT_RETAIN_SELF = YES;
				CLANG_WARN_OBJC_LITERAL_CONVERSION = YES;
				CLANG_WARN_OBJC_ROOT_CLASS = YES_ERROR;
				CLANG_WARN_QUOTED_INCLUDE_IN_FRAMEWORK_HEADER = YES;
				CLANG_WARN_RANGE_LOOP_ANALYSIS = YES;
				CLANG_WARN_STRICT_PROTOTYPES = YES;
				CLANG_WARN_SUSPICIOUS_MOVE = YES;
				CLANG_WARN_UNGUARDED_AVAILABILITY = YES_AGGRESSIVE;
				CLANG_WARN_UNREACHABLE_CODE = YES;
				CLANG_WARN__DUPLICATE_METHOD_MATCH = YES;
				COPY_PHASE_STRIP = NO;
				DEBUG_INFORMATION_FORMAT = "dwarf-with-dsym";
				ENABLE_NS_ASSERTIONS = NO;
				ENABLE_STRICT_OBJC_MSGSEND = YES;
				GCC_C_LANGUAGE_STANDARD = gnu11;
				GCC_NO_COMMON_BLOCKS = YES;
				GCC_WARN_64_TO_32_BIT_CONVERSION = YES;
				GCC_WARN_ABOUT_RETURN_TYPE = YES_ERROR;
				GCC_WARN_UNDECLARED_SELECTOR = YES;
				GCC_WARN_UNINITIALIZED_AUTOS = YES_AGGRESSIVE;
				GCC_WARN_UNUSED_FUNCTION = YES;
				GCC_WARN_UNUSED_VARIABLE = YES;
				IPHONEOS_DEPLOYMENT_TARGET = 14.4;
				MTL_ENABLE_DEBUG_INFO = NO;
				MTL_FAST_MATH = YES;
				SDKROOT = iphoneos;
				SWIFT_COMPILATION_MODE = wholemodule;
				SWIFT_OPTIMIZATION_LEVEL = "-O";
				VALIDATE_PRODUCT = YES;
			};
			name = Release;
		};
		64A7316727039F6E0048278D /* Debug */ = {
			isa = XCBuildConfiguration;
			baseConfigurationReference = 96B9E34BFB800FB83F4702CA /* Pods-MessengerApp.debug.xcconfig */;
			buildSettings = {
				ASSETCATALOG_COMPILER_APPICON_NAME = AppIcon;
				ASSETCATALOG_COMPILER_GLOBAL_ACCENT_COLOR_NAME = AccentColor;
				CODE_SIGN_STYLE = Automatic;
				DEVELOPMENT_TEAM = Q9N26Q7899;
				INFOPLIST_FILE = MessengerApp/Info.plist;
				IPHONEOS_DEPLOYMENT_TARGET = 14.4;
				LD_RUNPATH_SEARCH_PATHS = (
					"$(inherited)",
					"@executable_path/Frameworks",
				);
				PRODUCT_BUNDLE_IDENTIFIER = edu.missouri.MessengerApp;
				PRODUCT_NAME = "$(TARGET_NAME)";
				SWIFT_VERSION = 5.0;
				TARGETED_DEVICE_FAMILY = "1,2";
			};
			name = Debug;
		};
		64A7316827039F6E0048278D /* Release */ = {
			isa = XCBuildConfiguration;
			baseConfigurationReference = E84C06488EECB4DA0680E6D0 /* Pods-MessengerApp.release.xcconfig */;
			buildSettings = {
				ASSETCATALOG_COMPILER_APPICON_NAME = AppIcon;
				ASSETCATALOG_COMPILER_GLOBAL_ACCENT_COLOR_NAME = AccentColor;
				CODE_SIGN_STYLE = Automatic;
				DEVELOPMENT_TEAM = Q9N26Q7899;
				INFOPLIST_FILE = MessengerApp/Info.plist;
				IPHONEOS_DEPLOYMENT_TARGET = 14.4;
				LD_RUNPATH_SEARCH_PATHS = (
					"$(inherited)",
					"@executable_path/Frameworks",
				);
				PRODUCT_BUNDLE_IDENTIFIER = edu.missouri.MessengerApp;
				PRODUCT_NAME = "$(TARGET_NAME)";
				SWIFT_VERSION = 5.0;
				TARGETED_DEVICE_FAMILY = "1,2";
			};
			name = Release;
		};
/* End XCBuildConfiguration section */

/* Begin XCConfigurationList section */
		64A7314D27039F6D0048278D /* Build configuration list for PBXProject "MessengerApp" */ = {
			isa = XCConfigurationList;
			buildConfigurations = (
				64A7316427039F6E0048278D /* Debug */,
				64A7316527039F6E0048278D /* Release */,
			);
			defaultConfigurationIsVisible = 0;
			defaultConfigurationName = Release;
		};
		64A7316627039F6E0048278D /* Build configuration list for PBXNativeTarget "MessengerApp" */ = {
			isa = XCConfigurationList;
			buildConfigurations = (
				64A7316727039F6E0048278D /* Debug */,
				64A7316827039F6E0048278D /* Release */,
			);
			defaultConfigurationIsVisible = 0;
			defaultConfigurationName = Release;
		};
/* End XCConfigurationList section */
	};
	rootObject = 64A7314A27039F6D0048278D /* Project object */;
}
